
Microsoft Visual Studio Solution File, Format Version 12.00
# Visual Studio Version 17
VisualStudioVersion = 17.4.33213.308
MinimumVisualStudioVersion = 10.0.40219.1
Project("{FAE04EC0-301F-11D3-BF4B-00C04F79EFBC}") = "Bai4", "Bai4\Bai4.csproj", "{81DA80FB-5138-430F-92D4-16EE3E57109A}"
EndProject
Global
	GlobalSection(SolutionConfigurationPlatforms) = preSolution
		Debug|Any CPU = Debug|Any CPU
		Release|Any CPU = Release|Any CPU
	EndGlobalSection
	GlobalSection(ProjectConfigurationPlatforms) = postSolution
		{81DA80FB-5138-430F-92D4-16EE3E57109A}.Debug|Any CPU.ActiveCfg = Debug|Any CPU
		{81DA80FB-5138-430F-92D4-16EE3E57109A}.Debug|Any CPU.Build.0 = Debug|Any CPU
		{81DA80FB-5138-430F-92D4-16EE3E57109A}.Release|Any CPU.ActiveCfg = Release|Any CPU
		{81DA80FB-5138-430F-92D4-16EE3E57109A}.Release|Any CPU.Build.0 = Release|Any CPU
	EndGlobalSection
	GlobalSection(SolutionProperties) = preSolution
		HideSolutionNode = FALSE
	EndGlobalSection
	GlobalSection(ExtensibilityGlobals) = postSolution
		SolutionGuid = {F8459983-D2AA-44C6-80F8-D966C003128F}
	EndGlobalSection
EndGlobal
