
Microsoft Visual Studio Solution File, Format Version 12.00
# Visual Studio Version 16
VisualStudioVersion = 16.0.29911.84
MinimumVisualStudioVersion = 10.0.40219.1
Project("{FAE04EC0-301F-11D3-BF4B-00C04F79EFBC}") = "ThucHanhBuoi1", "ThucHanhBuoi1\ThucHanhBuoi1.csproj", "{B9A78237-B34F-4F8D-A81F-914E1D64341F}"
EndProject
Project("{FAE04EC0-301F-11D3-BF4B-00C04F79EFBC}") = "Bai2", "Bai2\Bai2.csproj", "{9659745D-6E2E-4145-9B25-F386EF0D1368}"
EndProject
Global
	GlobalSection(SolutionConfigurationPlatforms) = preSolution
		Debug|Any CPU = Debug|Any CPU
		Release|Any CPU = Release|Any CPU
	EndGlobalSection
	GlobalSection(ProjectConfigurationPlatforms) = postSolution
		{B9A78237-B34F-4F8D-A81F-914E1D64341F}.Debug|Any CPU.ActiveCfg = Debug|Any CPU
		{B9A78237-B34F-4F8D-A81F-914E1D64341F}.Debug|Any CPU.Build.0 = Debug|Any CPU
		{B9A78237-B34F-4F8D-A81F-914E1D64341F}.Release|Any CPU.ActiveCfg = Release|Any CPU
		{B9A78237-B34F-4F8D-A81F-914E1D64341F}.Release|Any CPU.Build.0 = Release|Any CPU
		{9659745D-6E2E-4145-9B25-F386EF0D1368}.Debug|Any CPU.ActiveCfg = Debug|Any CPU
		{9659745D-6E2E-4145-9B25-F386EF0D1368}.Debug|Any CPU.Build.0 = Debug|Any CPU
		{9659745D-6E2E-4145-9B25-F386EF0D1368}.Release|Any CPU.ActiveCfg = Release|Any CPU
		{9659745D-6E2E-4145-9B25-F386EF0D1368}.Release|Any CPU.Build.0 = Release|Any CPU
	EndGlobalSection
	GlobalSection(SolutionProperties) = preSolution
		HideSolutionNode = FALSE
	EndGlobalSection
	GlobalSection(ExtensibilityGlobals) = postSolution
		SolutionGuid = {33FA9BF2-1838-4850-B154-BA9E3F64C04A}
	EndGlobalSection
EndGlobal
